{
  "name": "Arturo",
  "lockfileVersion": 3,
  "requires": true,
  "packages": {
    "": {
      "dependencies": {
        "devexpress-diagram": "^2.1.57"
      }
    },
    "node_modules/@devexpress/utils": {
      "version": "1.3.16",
      "resolved": "https://registry.npmjs.org/@devexpress/utils/-/utils-1.3.16.tgz",
      "integrity": "sha512-4Az8FUtvesew89j6N7zmDGfZQyHicvSwVoPZMmxRPvz2u4UiLpI/LDD0zuzLYWsLa8pr+SsJ3JRIKmhlcDAsgA==",
      "dependencies": {
        "tslib": "2.0.1"
      }
    },
    "node_modules/devexpress-diagram": {
      "version": "2.1.57",
      "resolved": "https://registry.npmjs.org/devexpress-diagram/-/devexpress-diagram-2.1.57.tgz",
      "integrity": "sha512-cVlnR2dOvU/+iMlA9cICfdFNYpjDaRp44qojb7SV+pyCpImMOeAdReUKjgogcIsmtHzCOi9uSVyyuPvWn8sDwg==",
      "dependencies": {
        "@devexpress/utils": "1.3.16",
        "es6-object-assign": "^1.1.0"
      }
    },
    "node_modules/es6-object-assign": {
      "version": "1.1.0",
      "resolved": "https://registry.npmjs.org/es6-object-assign/-/es6-object-assign-1.1.0.tgz",
      "integrity": "sha512-MEl9uirslVwqQU369iHNWZXsI8yaZYGg/D65aOgZkeyFJwHYSxilf7rQzXKI7DdDuBPrBXbfk3sl9hJhmd5AUw=="
    },
    "node_modules/tslib": {
      "version": "2.0.1",
      "resolved": "https://registry.npmjs.org/tslib/-/tslib-2.0.1.tgz",
      "integrity": "sha512-SgIkNheinmEBgx1IUNirK0TUD4X9yjjBRTqqjggWCU3pUEqIk3/Uwl3yRixYKT6WjQuGiwDv4NomL3wqRCj+CQ=="
    }
  }
}
